
Microsoft Visual Studio Solution File, Format Version 12.00
# Visual Studio Version 16
VisualStudioVersion = 16.0.29230.47
MinimumVisualStudioVersion = 10.0.40219.1
Project("{FAE04EC0-301F-11D3-BF4B-00C04F79EFBC}") = "CurrencyApp", "CurrencyApp.csproj", "{19F1B236-FAFB-4DCA-ABE8-8BCB89F4D021}"
EndProject
Global
	GlobalSection(SolutionConfigurationPlatforms) = preSolution
		Debug|Any CPU = Debug|Any CPU
		Release|Any CPU = Release|Any CPU
	EndGlobalSection
	GlobalSection(ProjectConfigurationPlatforms) = postSolution
		{19F1B236-FAFB-4DCA-ABE8-8BCB89F4D021}.Debug|Any CPU.ActiveCfg = Debug|Any CPU
		{19F1B236-FAFB-4DCA-ABE8-8BCB89F4D021}.Debug|Any CPU.Build.0 = Debug|Any CPU
		{19F1B236-FAFB-4DCA-ABE8-8BCB89F4D021}.Release|Any CPU.ActiveCfg = Release|Any CPU
		{19F1B236-FAFB-4DCA-ABE8-8BCB89F4D021}.Release|Any CPU.Build.0 = Release|Any CPU
	EndGlobalSection
	GlobalSection(SolutionProperties) = preSolution
		HideSolutionNode = FALSE
	EndGlobalSection
	GlobalSection(ExtensibilityGlobals) = postSolution
		SolutionGuid = {6E9BB2D6-C6A0-4730-8F37-AF536189CA5A}
	EndGlobalSection
EndGlobal
